
Microsoft Visual Studio Solution File, Format Version 12.00
# Visual Studio Version 17
VisualStudioVersion = 17.0.31903.59
MinimumVisualStudioVersion = 10.0.40219.1
Project("{FAE04EC0-301F-11D3-BF4B-00C04F79EFBC}") = "BulkyBookWeb", "BulkyBookWeb\BulkyBookWeb.csproj", "{A72FDD85-9364-4705-8CCD-B35F0D894F6F}"
EndProject
Global
	GlobalSection(SolutionConfigurationPlatforms) = preSolution
		Debug|Any CPU = Debug|Any CPU
		Release|Any CPU = Release|Any CPU
	EndGlobalSection
	GlobalSection(ProjectConfigurationPlatforms) = postSolution
		{A72FDD85-9364-4705-8CCD-B35F0D894F6F}.Debug|Any CPU.ActiveCfg = Debug|Any CPU
		{A72FDD85-9364-4705-8CCD-B35F0D894F6F}.Debug|Any CPU.Build.0 = Debug|Any CPU
		{A72FDD85-9364-4705-8CCD-B35F0D894F6F}.Release|Any CPU.ActiveCfg = Release|Any CPU
		{A72FDD85-9364-4705-8CCD-B35F0D894F6F}.Release|Any CPU.Build.0 = Release|Any CPU
	EndGlobalSection
	GlobalSection(SolutionProperties) = preSolution
		HideSolutionNode = FALSE
	EndGlobalSection
	GlobalSection(ExtensibilityGlobals) = postSolution
		SolutionGuid = {9E465D4E-4182-4C4E-9004-52D63E34B430}
	EndGlobalSection
EndGlobal
